
Microsoft Visual Studio Solution File, Format Version 12.00
# Visual Studio 15
VisualStudioVersion = 15.0.26730.16
MinimumVisualStudioVersion = 10.0.40219.1
Project("{8BC9CEB8-8B4A-11D0-8D11-00A0C91BC942}") = "Test_Pr", "Test_Pr\Test_Pr.vcxproj", "{73F2158C-FC06-4F03-BE62-FAB64DA99AF3}"
EndProject
Project("{8BC9CEB8-8B4A-11D0-8D11-00A0C91BC942}") = "Test_Pr_Console", "Test_Pr_Console\Test_Pr_Console.vcxproj", "{3F229C0B-E019-484F-80FC-D792609B710A}"
EndProject
Global
	GlobalSection(SolutionConfigurationPlatforms) = preSolution
		Debug|x64 = Debug|x64
		Debug|x86 = Debug|x86
		Release|x64 = Release|x64
		Release|x86 = Release|x86
	EndGlobalSection
	GlobalSection(ProjectConfigurationPlatforms) = postSolution
		{73F2158C-FC06-4F03-BE62-FAB64DA99AF3}.Debug|x64.ActiveCfg = Debug|x64
		{73F2158C-FC06-4F03-BE62-FAB64DA99AF3}.Debug|x64.Build.0 = Debug|x64
		{73F2158C-FC06-4F03-BE62-FAB64DA99AF3}.Debug|x86.ActiveCfg = Debug|Win32
		{73F2158C-FC06-4F03-BE62-FAB64DA99AF3}.Debug|x86.Build.0 = Debug|Win32
		{73F2158C-FC06-4F03-BE62-FAB64DA99AF3}.Release|x64.ActiveCfg = Release|x64
		{73F2158C-FC06-4F03-BE62-FAB64DA99AF3}.Release|x64.Build.0 = Release|x64
		{73F2158C-FC06-4F03-BE62-FAB64DA99AF3}.Release|x86.ActiveCfg = Release|Win32
		{73F2158C-FC06-4F03-BE62-FAB64DA99AF3}.Release|x86.Build.0 = Release|Win32
		{3F229C0B-E019-484F-80FC-D792609B710A}.Debug|x64.ActiveCfg = Debug|x64
		{3F229C0B-E019-484F-80FC-D792609B710A}.Debug|x64.Build.0 = Debug|x64
		{3F229C0B-E019-484F-80FC-D792609B710A}.Debug|x86.ActiveCfg = Debug|Win32
		{3F229C0B-E019-484F-80FC-D792609B710A}.Debug|x86.Build.0 = Debug|Win32
		{3F229C0B-E019-484F-80FC-D792609B710A}.Release|x64.ActiveCfg = Release|x64
		{3F229C0B-E019-484F-80FC-D792609B710A}.Release|x64.Build.0 = Release|x64
		{3F229C0B-E019-484F-80FC-D792609B710A}.Release|x86.ActiveCfg = Release|Win32
		{3F229C0B-E019-484F-80FC-D792609B710A}.Release|x86.Build.0 = Release|Win32
	EndGlobalSection
	GlobalSection(SolutionProperties) = preSolution
		HideSolutionNode = FALSE
	EndGlobalSection
	GlobalSection(ExtensibilityGlobals) = postSolution
		SolutionGuid = {E0FA70CD-C49F-4AEB-AE9A-620C3CE1E846}
	EndGlobalSection
EndGlobal
